
Microsoft Visual Studio Solution File, Format Version 12.00
Project("{FAE04EC0-301F-11D3-BF4B-00C04F79EFBC}") = "EMAnalysisWeb", "EMAnalysisWeb\EMAnalysisWeb.csproj", "{C3AB3AB4-69B5-420C-BD1A-384250C7DF38}"
EndProject
Project("{FAE04EC0-301F-11D3-BF4B-00C04F79EFBC}") = "EMAnalysisWeb.Client", "EMAnalysisWeb.Client\EMAnalysisWeb.Client.csproj", "{92A9A08D-FA8B-4C9D-B58F-39F6A76CED85}"
EndProject
Global
	GlobalSection(SolutionConfigurationPlatforms) = preSolution
		Debug|Any CPU = Debug|Any CPU
		Release|Any CPU = Release|Any CPU
	EndGlobalSection
	GlobalSection(ProjectConfigurationPlatforms) = postSolution
		{C3AB3AB4-69B5-420C-BD1A-384250C7DF38}.Debug|Any CPU.ActiveCfg = Debug|Any CPU
		{C3AB3AB4-69B5-420C-BD1A-384250C7DF38}.Debug|Any CPU.Build.0 = Debug|Any CPU
		{C3AB3AB4-69B5-420C-BD1A-384250C7DF38}.Release|Any CPU.ActiveCfg = Release|Any CPU
		{C3AB3AB4-69B5-420C-BD1A-384250C7DF38}.Release|Any CPU.Build.0 = Release|Any CPU
		{92A9A08D-FA8B-4C9D-B58F-39F6A76CED85}.Debug|Any CPU.ActiveCfg = Debug|Any CPU
		{92A9A08D-FA8B-4C9D-B58F-39F6A76CED85}.Debug|Any CPU.Build.0 = Debug|Any CPU
		{92A9A08D-FA8B-4C9D-B58F-39F6A76CED85}.Release|Any CPU.ActiveCfg = Release|Any CPU
		{92A9A08D-FA8B-4C9D-B58F-39F6A76CED85}.Release|Any CPU.Build.0 = Release|Any CPU
	EndGlobalSection
EndGlobal
